
Microsoft Visual Studio Solution File, Format Version 12.00
# Visual Studio Version 16
VisualStudioVersion = 16.0.28315.86
MinimumVisualStudioVersion = 10.0.40219.1
Project("{2150E333-8FDC-42A3-9474-1A3956D46DE8}") = "Engine", "Engine", "{233774A8-CC9D-3FA9-86D1-90573E92B704}"
EndProject
Project("{2150E333-8FDC-42A3-9474-1A3956D46DE8}") = "Games", "Games", "{DE1F8B53-6C02-3C13-9101-A7C8D96F3FF6}"
EndProject
Project("{8BC9CEB8-8B4A-11D0-8D11-00A0C91BC942}") = "MPTesting", "Intermediate\ProjectFiles\MPTesting.vcxproj", "{9A087DE4-AD63-3BAA-A216-C3E9B1EE1EBF}"
EndProject
Project("{8BC9CEB8-8B4A-11D0-8D11-00A0C91BC942}") = "UE5", "Intermediate\ProjectFiles\UE5.vcxproj", "{E2A36A67-A100-3888-B670-44FA084BBDFA}"
EndProject
Project("{2150E333-8FDC-42A3-9474-1A3956D46DE8}") = "Visualizers", "Visualizers", "{1CCEC849-CC72-4C59-8C36-2F7C38706D4C}"
	ProjectSection(SolutionItems) = preProject
		D:\Epic Games\UE_5.0\Engine\Extras\VisualStudioDebugging\Unreal.natvis = D:\Epic Games\UE_5.0\Engine\Extras\VisualStudioDebugging\Unreal.natvis
	EndProjectSection
EndProject
Global
	GlobalSection(SolutionConfigurationPlatforms) = preSolution
		DebugGame Editor|HoloLens = DebugGame Editor|HoloLens
		DebugGame Editor|Win64 = DebugGame Editor|Win64
		DebugGame|HoloLens = DebugGame|HoloLens
		DebugGame|Win64 = DebugGame|Win64
		Development Editor|HoloLens = Development Editor|HoloLens
		Development Editor|Win64 = Development Editor|Win64
		Development|HoloLens = Development|HoloLens
		Development|Win64 = Development|Win64
		Shipping|HoloLens = Shipping|HoloLens
		Shipping|Win64 = Shipping|Win64
	EndGlobalSection
	# UnrealVS Section
	GlobalSection(ddbf523f-7eb6-4887-bd51-85a714ff87eb) = preSolution
		AvailablePlatforms=Win64;HoloLens
	EndGlobalSection
	GlobalSection(ProjectConfigurationPlatforms) = postSolution
		{9A087DE4-AD63-3BAA-A216-C3E9B1EE1EBF}.DebugGame Editor|HoloLens.ActiveCfg = Invalid|x64
		{9A087DE4-AD63-3BAA-A216-C3E9B1EE1EBF}.DebugGame Editor|Win64.ActiveCfg = DebugGame_Editor|x64
		{9A087DE4-AD63-3BAA-A216-C3E9B1EE1EBF}.DebugGame Editor|Win64.Build.0 = DebugGame_Editor|x64
		{9A087DE4-AD63-3BAA-A216-C3E9B1EE1EBF}.DebugGame|HoloLens.ActiveCfg = DebugGame|arm64
		{9A087DE4-AD63-3BAA-A216-C3E9B1EE1EBF}.DebugGame|HoloLens.Build.0 = DebugGame|arm64
		{9A087DE4-AD63-3BAA-A216-C3E9B1EE1EBF}.DebugGame|HoloLens.Deploy.0 = DebugGame|arm64
		{9A087DE4-AD63-3BAA-A216-C3E9B1EE1EBF}.DebugGame|Win64.ActiveCfg = DebugGame|x64
		{9A087DE4-AD63-3BAA-A216-C3E9B1EE1EBF}.DebugGame|Win64.Build.0 = DebugGame|x64
		{9A087DE4-AD63-3BAA-A216-C3E9B1EE1EBF}.Development Editor|HoloLens.ActiveCfg = Invalid|x64
		{9A087DE4-AD63-3BAA-A216-C3E9B1EE1EBF}.Development Editor|Win64.ActiveCfg = Development_Editor|x64
		{9A087DE4-AD63-3BAA-A216-C3E9B1EE1EBF}.Development Editor|Win64.Build.0 = Development_Editor|x64
		{9A087DE4-AD63-3BAA-A216-C3E9B1EE1EBF}.Development|HoloLens.ActiveCfg = Development|arm64
		{9A087DE4-AD63-3BAA-A216-C3E9B1EE1EBF}.Development|HoloLens.Build.0 = Development|arm64
		{9A087DE4-AD63-3BAA-A216-C3E9B1EE1EBF}.Development|HoloLens.Deploy.0 = Development|arm64
		{9A087DE4-AD63-3BAA-A216-C3E9B1EE1EBF}.Development|Win64.ActiveCfg = Development|x64
		{9A087DE4-AD63-3BAA-A216-C3E9B1EE1EBF}.Development|Win64.Build.0 = Development|x64
		{9A087DE4-AD63-3BAA-A216-C3E9B1EE1EBF}.Shipping|HoloLens.ActiveCfg = Shipping|arm64
		{9A087DE4-AD63-3BAA-A216-C3E9B1EE1EBF}.Shipping|HoloLens.Build.0 = Shipping|arm64
		{9A087DE4-AD63-3BAA-A216-C3E9B1EE1EBF}.Shipping|HoloLens.Deploy.0 = Shipping|arm64
		{9A087DE4-AD63-3BAA-A216-C3E9B1EE1EBF}.Shipping|Win64.ActiveCfg = Shipping|x64
		{9A087DE4-AD63-3BAA-A216-C3E9B1EE1EBF}.Shipping|Win64.Build.0 = Shipping|x64
		{E2A36A67-A100-3888-B670-44FA084BBDFA}.DebugGame Editor|HoloLens.ActiveCfg = BuiltWithUnrealBuildTool|Win64
		{E2A36A67-A100-3888-B670-44FA084BBDFA}.DebugGame Editor|Win64.ActiveCfg = BuiltWithUnrealBuildTool|Win64
		{E2A36A67-A100-3888-B670-44FA084BBDFA}.DebugGame|HoloLens.ActiveCfg = BuiltWithUnrealBuildTool|Win64
		{E2A36A67-A100-3888-B670-44FA084BBDFA}.DebugGame|Win64.ActiveCfg = BuiltWithUnrealBuildTool|Win64
		{E2A36A67-A100-3888-B670-44FA084BBDFA}.Development Editor|HoloLens.ActiveCfg = BuiltWithUnrealBuildTool|Win64
		{E2A36A67-A100-3888-B670-44FA084BBDFA}.Development Editor|Win64.ActiveCfg = BuiltWithUnrealBuildTool|Win64
		{E2A36A67-A100-3888-B670-44FA084BBDFA}.Development|HoloLens.ActiveCfg = BuiltWithUnrealBuildTool|Win64
		{E2A36A67-A100-3888-B670-44FA084BBDFA}.Development|Win64.ActiveCfg = BuiltWithUnrealBuildTool|Win64
		{E2A36A67-A100-3888-B670-44FA084BBDFA}.Shipping|HoloLens.ActiveCfg = BuiltWithUnrealBuildTool|Win64
		{E2A36A67-A100-3888-B670-44FA084BBDFA}.Shipping|Win64.ActiveCfg = BuiltWithUnrealBuildTool|Win64
	EndGlobalSection
	GlobalSection(SolutionProperties) = preSolution
		HideSolutionNode = FALSE
	EndGlobalSection
	GlobalSection(NestedProjects) = preSolution
		{E2A36A67-A100-3888-B670-44FA084BBDFA} = {233774A8-CC9D-3FA9-86D1-90573E92B704}
		{9A087DE4-AD63-3BAA-A216-C3E9B1EE1EBF} = {DE1F8B53-6C02-3C13-9101-A7C8D96F3FF6}
	EndGlobalSection
EndGlobal
